{
  "name": "mono.codebrew.cc",
  "version": "1.0.0",
  "lockfileVersion": 3,
  "requires": true,
  "packages": {
    "": {
      "name": "mono.codebrew.cc",
      "version": "1.0.0",
      "hasInstallScript": true,
      "license": "ISC",
      "workspaces": [
        "v1",
        "v2"
      ],
      "devDependencies": {
        "husky": "9.1.7"
      }
    },
    "node_modules/husky": {
      "version": "9.1.7",
      "resolved": "https://registry.npmjs.org/husky/-/husky-9.1.7.tgz",
      "integrity": "sha512-5gs5ytaNjBrh5Ow3zrvdUUY+0VxIuWVL4i9irt6friV+BqdCfmV11CQTWMiBYWHbXhco+J1kHfTOUkePhCDvMA==",
      "dev": true,
      "license": "MIT",
      "bin": {
        "husky": "bin.js"
      },
      "engines": {
        "node": ">=18"
      },
      "funding": {
        "url": "https://github.com/sponsors/typicode"
      }
    },
    "node_modules/v1": {
      "resolved": "v1",
      "link": true
    },
    "node_modules/v2": {
      "resolved": "v2",
      "link": true
    },
    "v1": {
      "version": "0.0.3"
    },
    "v2": {}
  }
}
